<?xml version="1.0" encoding="utf-8"?>
<Project ToolsVersion="4.0" xmlns="http://schemas.microsoft.com/developer/msbuild/2003">
  <ItemGroup>
    <Filter Include="Generated Files">
      <UniqueIdentifier>{71ED8ED8-ACB9-4CE9-BBE1-E00B30144E11}</UniqueIdentifier>
      <Extensions>cpp;c;cxx;moc;h;def;odl;idl;res;</Extensions>
    </Filter>
    <Filter Include="Generated Files">
      <UniqueIdentifier>{71ED8ED8-ACB9-4CE9-BBE1-E00B30144E11}</UniqueIdentifier>
      <Extensions>cpp;c;cxx;moc;h;def;odl;idl;res;</Extensions>
    </Filter>
    <Filter Include="Header Files">
      <UniqueIdentifier>{93995380-89BD-4b04-88EB-625FBE52EBFB}</UniqueIdentifier>
      <Extensions>h;hpp;hxx;hm;inl;inc;xsd</Extensions>
    </Filter>
    <Filter Include="Header Files">
      <UniqueIdentifier>{93995380-89BD-4b04-88EB-625FBE52EBFB}</UniqueIdentifier>
      <Extensions>h;hpp;hxx;hm;inl;inc;xsd</Extensions>
    </Filter>
    <Filter Include="Source Files">
      <UniqueIdentifier>{4FC737F1-C7A5-4376-A066-2A32D752A2FF}</UniqueIdentifier>
      <Extensions>cpp;c;cxx;def;odl;idl;hpj;bat;asm;asmx</Extensions>
    </Filter>
    <Filter Include="Source Files">
      <UniqueIdentifier>{4FC737F1-C7A5-4376-A066-2A32D752A2FF}</UniqueIdentifier>
      <Extensions>cpp;c;cxx;def;odl;idl;hpj;bat;asm;asmx</Extensions>
    </Filter>
    <Filter Include="Distribution Files">
      <UniqueIdentifier>{B83CAF91-C7BF-462F-B76C-EA11631F866C}</UniqueIdentifier>
      <Extensions>*</Extensions>
      <ParseFiles>false</ParseFiles>
    </Filter>
    <Filter Include="Distribution Files">
      <UniqueIdentifier>{B83CAF91-C7BF-462F-B76C-EA11631F866C}</UniqueIdentifier>
      <Extensions>*</Extensions>
      <ParseFiles>false</ParseFiles>
    </Filter>
    <Filter Include="Generated Files\Debug">
      <UniqueIdentifier>{88d8f9d1-27da-46a6-9c34-54b18f51c6cb}</UniqueIdentifier>
      <Extensions>cpp;moc</Extensions>
      <SourceControlFiles>False</SourceControlFiles>
    </Filter>
    <Filter Include="Generated Files\Release">
      <UniqueIdentifier>{18b16a20-4b96-4d5b-97b5-2ac2fee54b67}</UniqueIdentifier>
      <Extensions>cpp;moc</Extensions>
      <SourceControlFiles>False</SourceControlFiles>
    </Filter>
    <Filter Include="Header Files\core">
      <UniqueIdentifier>{fb581e69-5449-4beb-923e-c5eb8c7278ce}</UniqueIdentifier>
    </Filter>
    <Filter Include="Header Files\gui">
      <UniqueIdentifier>{e1aad52f-815b-4560-9dc2-e9af23de42ed}</UniqueIdentifier>
    </Filter>
    <Filter Include="Source Files\core">
      <UniqueIdentifier>{0a0f7d39-20cf-439a-9658-6ac19caaf7af}</UniqueIdentifier>
    </Filter>
    <Filter Include="Source Files\gui">
      <UniqueIdentifier>{a00648fb-3f50-4f03-a568-d068743c7198}</UniqueIdentifier>
    </Filter>
  </ItemGroup>
  <ItemGroup>
    <ClCompile Include="Debug\moc_gui2048.cpp">
      <Filter>Generated Files\Debug</Filter>
    </ClCompile>
    <ClCompile Include="Release\moc_gui2048.cpp">
      <Filter>Generated Files\Release</Filter>
    </ClCompile>
    <ClCompile Include="Debug\moc_qtile.cpp">
      <Filter>Generated Files\Debug</Filter>
    </ClCompile>
    <ClCompile Include="Release\moc_qtile.cpp">
      <Filter>Generated Files\Release</Filter>
    </ClCompile>
    <ClCompile Include="..\core\board.cpp">
      <Filter>Source Files\core</Filter>
    </ClCompile>
    <ClCompile Include="..\core\game.cpp">
      <Filter>Source Files\core</Filter>
    </ClCompile>
    <ClCompile Include="..\core\subject.cpp">
      <Filter>Source Files\core</Filter>
    </ClCompile>
    <ClCompile Include="gui2048.cpp">
      <Filter>Source Files\gui</Filter>
    </ClCompile>
    <ClCompile Include="qtile.cpp">
      <Filter>Source Files\gui</Filter>
    </ClCompile>
    <ClCompile Include="main.cpp">
      <Filter>Source Files</Filter>
    </ClCompile>
  </ItemGroup>
  <ItemGroup>
    <ClInclude Include="..\core\board.h">
      <Filter>Header Files\core</Filter>
    </ClInclude>
    <ClInclude Include="..\core\direction.h">
      <Filter>Header Files\core</Filter>
    </ClInclude>
    <CustomBuild Include="gui2048.h">
      <Filter>Header Files\gui</Filter>
    </CustomBuild>
  </ItemGroup>
  <ItemGroup>
    <None Include="build-gui-Desktop_Qt_5_7_0_MSVC2015_64bit-Debug\debug\gui.exe">
      <Filter>Distribution Files</Filter>
    </None>
    <None Include="build-gui-Desktop_Qt_5_7_0_MSVC2015_64bit-Debug\debug\gui.ilk">
      <Filter>Distribution Files</Filter>
    </None>
    <None Include="build-gui-Desktop_Qt_5_7_0_MSVC2015_64bit-Debug\debug\gui.pdb">
      <Filter>Distribution Files</Filter>
    </None>
  </ItemGroup>
  <ItemGroup>
    <ClInclude Include="..\core\game.h">
      <Filter>Header Files\core</Filter>
    </ClInclude>
    <ClInclude Include="..\core\observer.h">
      <Filter>Header Files\core</Filter>
    </ClInclude>
    <ClInclude Include="..\core\subject.h">
      <Filter>Header Files\core</Filter>
    </ClInclude>
  </ItemGroup>
  <ItemGroup>
    <CustomBuild Include="qtile.h">
      <Filter>Header Files\gui</Filter>
    </CustomBuild>
  </ItemGroup>
</Project>